
Microsoft Visual Studio Solution File, Format Version 12.00
# Visual Studio 15
Project("{FAE04EC0-301F-11D3-BF4B-00C04F79EFBC}") = "ParadoxNotion", "ParadoxNotion.csproj", "{16CBBCBA-77FA-4ABE-D3D4-818C0BF201B3}"
EndProject
Project("{FAE04EC0-301F-11D3-BF4B-00C04F79EFBC}") = "Assembly-CSharp", "Assembly-CSharp.csproj", "{FFDAEC62-A8A0-178B-6BDE-6889C10E1863}"
EndProject
Global
	GlobalSection(SolutionConfigurationPlatforms) = preSolution
		Debug|Any CPU = Debug|Any CPU
		Release|Any CPU = Release|Any CPU
	EndGlobalSection
	GlobalSection(ProjectConfigurationPlatforms) = postSolution
		{16CBBCBA-77FA-4ABE-D3D4-818C0BF201B3}.Debug|Any CPU.ActiveCfg = Debug|Any CPU
		{16CBBCBA-77FA-4ABE-D3D4-818C0BF201B3}.Debug|Any CPU.Build.0 = Debug|Any CPU
		{16CBBCBA-77FA-4ABE-D3D4-818C0BF201B3}.Release|Any CPU.ActiveCfg = Release|Any CPU
		{16CBBCBA-77FA-4ABE-D3D4-818C0BF201B3}.Release|Any CPU.Build.0 = Release|Any CPU
		{FFDAEC62-A8A0-178B-6BDE-6889C10E1863}.Debug|Any CPU.ActiveCfg = Debug|Any CPU
		{FFDAEC62-A8A0-178B-6BDE-6889C10E1863}.Debug|Any CPU.Build.0 = Debug|Any CPU
		{FFDAEC62-A8A0-178B-6BDE-6889C10E1863}.Release|Any CPU.ActiveCfg = Release|Any CPU
		{FFDAEC62-A8A0-178B-6BDE-6889C10E1863}.Release|Any CPU.Build.0 = Release|Any CPU
	EndGlobalSection
	GlobalSection(SolutionProperties) = preSolution
		HideSolutionNode = FALSE
	EndGlobalSection
EndGlobal
