
Microsoft Visual Studio Solution File, Format Version 12.00
# Visual Studio 15
Project("{FAE04EC0-301F-11D3-BF4B-00C04F79EFBC}") = "ParadoxNotion", "ParadoxNotion.csproj", "{16CBBCBA-77FA-4ABE-D3D4-818C0BF201B3}"
EndProject
Project("{FAE04EC0-301F-11D3-BF4B-00C04F79EFBC}") = "Assembly-CSharp", "Assembly-CSharp.csproj", "{FFDAEC62-A8A0-178B-6BDE-6889C10E1863}"
EndProject
Project("{FAE04EC0-301F-11D3-BF4B-00C04F79EFBC}") = "Assembly-CSharp-firstpass", "Assembly-CSharp-firstpass.csproj", "{865238DB-94F7-CBA4-6258-2D3213A8D7DA}"
EndProject
Project("{FAE04EC0-301F-11D3-BF4B-00C04F79EFBC}") = "Assembly-CSharp-Editor", "Assembly-CSharp-Editor.csproj", "{E494D797-54F9-51BD-A43C-7F9BBE61CADE}"
EndProject
Global
	GlobalSection(SolutionConfigurationPlatforms) = preSolution
		Debug|Any CPU = Debug|Any CPU
		Release|Any CPU = Release|Any CPU
	EndGlobalSection
	GlobalSection(ProjectConfigurationPlatforms) = postSolution
		{16CBBCBA-77FA-4ABE-D3D4-818C0BF201B3}.Debug|Any CPU.ActiveCfg = Debug|Any CPU
		{16CBBCBA-77FA-4ABE-D3D4-818C0BF201B3}.Debug|Any CPU.Build.0 = Debug|Any CPU
		{16CBBCBA-77FA-4ABE-D3D4-818C0BF201B3}.Release|Any CPU.ActiveCfg = Release|Any CPU
		{16CBBCBA-77FA-4ABE-D3D4-818C0BF201B3}.Release|Any CPU.Build.0 = Release|Any CPU
		{FFDAEC62-A8A0-178B-6BDE-6889C10E1863}.Debug|Any CPU.ActiveCfg = Debug|Any CPU
		{FFDAEC62-A8A0-178B-6BDE-6889C10E1863}.Debug|Any CPU.Build.0 = Debug|Any CPU
		{FFDAEC62-A8A0-178B-6BDE-6889C10E1863}.Release|Any CPU.ActiveCfg = Release|Any CPU
		{FFDAEC62-A8A0-178B-6BDE-6889C10E1863}.Release|Any CPU.Build.0 = Release|Any CPU
		{865238DB-94F7-CBA4-6258-2D3213A8D7DA}.Debug|Any CPU.ActiveCfg = Debug|Any CPU
		{865238DB-94F7-CBA4-6258-2D3213A8D7DA}.Debug|Any CPU.Build.0 = Debug|Any CPU
		{865238DB-94F7-CBA4-6258-2D3213A8D7DA}.Release|Any CPU.ActiveCfg = Release|Any CPU
		{865238DB-94F7-CBA4-6258-2D3213A8D7DA}.Release|Any CPU.Build.0 = Release|Any CPU
		{E494D797-54F9-51BD-A43C-7F9BBE61CADE}.Debug|Any CPU.ActiveCfg = Debug|Any CPU
		{E494D797-54F9-51BD-A43C-7F9BBE61CADE}.Debug|Any CPU.Build.0 = Debug|Any CPU
		{E494D797-54F9-51BD-A43C-7F9BBE61CADE}.Release|Any CPU.ActiveCfg = Release|Any CPU
		{E494D797-54F9-51BD-A43C-7F9BBE61CADE}.Release|Any CPU.Build.0 = Release|Any CPU
	EndGlobalSection
	GlobalSection(SolutionProperties) = preSolution
		HideSolutionNode = FALSE
	EndGlobalSection
EndGlobal
